# THIS IS AN AUTOGENERATED FILE. DO NOT EDIT THIS FILE DIRECTLY.
# yarn lockfile v1


itty-router@^4.0.13:
  version "4.0.13"
  resolved "https://registry.yarnpkg.com/itty-router/-/itty-router-4.0.13.tgz#92347ebbc2366c6a6af2b42e31c324f47ca4c8e4"
  integrity sha512-iiQ9k1nQgaal/MteVft5pwYkvzuZx3idPT9tYpKWl7rKH74tyz5VVSVUCXUO0iBh5HDXjHYsix90UrFKPfThHg==
